# This file was autogenerated by Stack.
# You should not edit this file by hand.
# For more information, please see the documentation at:
#   https://docs.haskellstack.org/en/stable/lock_files

snapshots:
- original:
    url: https://raw.githubusercontent.com/commercialhaskell/stackage-snapshots/master/lts/19/19.yaml
  completed:
    sha256: a95a93bcb7132bf5f8ad3356998e223947852f57d4da63e0e145870ea90d9d18
    url: https://raw.githubusercontent.com/commercialhaskell/stackage-snapshots/master/lts/19/19.yaml
    size: 619170
packages:
- original:
    hackage: servant-errors-0.1.7.0@sha256:a36a8bf86a7bd96201308dfaf5f16b07b6743defe41a8ceaf9845ad467cd163c,2627
  completed:
    pantry-tree:
      sha256: 8f662ce036c0e4237349364331cde1ab3547644cdb73702eaf78215284e73e8a
      size: 349
    hackage: servant-errors-0.1.7.0@sha256:a36a8bf86a7bd96201308dfaf5f16b07b6743defe41a8ceaf9845ad467cd163c,2627
